
Microsoft Visual Studio Solution File, Format Version 12.00
# Visual Studio Version 17
VisualStudioVersion = 17.9.34622.214
MinimumVisualStudioVersion = 10.0.40219.1
Project("{FAE04EC0-301F-11D3-BF4B-00C04F79EFBC}") = "Demo.PL", "Demo.PL\Demo.PL.csproj", "{82EDEFFE-CD16-4419-8248-58B7A24884A8}"
EndProject
Project("{FAE04EC0-301F-11D3-BF4B-00C04F79EFBC}") = "Demo.DAL", "Demo.DAL\Demo.DAL.csproj", "{FAA7492C-8DA5-4A23-841D-B8109043EBB8}"
EndProject
Project("{FAE04EC0-301F-11D3-BF4B-00C04F79EFBC}") = "Demo.BLL", "Demo.BLL\Demo.BLL.csproj", "{A944567A-A379-41E7-A9CF-C23DAD11BE85}"
EndProject
Global
	GlobalSection(SolutionConfigurationPlatforms) = preSolution
		Debug|Any CPU = Debug|Any CPU
		Release|Any CPU = Release|Any CPU
	EndGlobalSection
	GlobalSection(ProjectConfigurationPlatforms) = postSolution
		{82EDEFFE-CD16-4419-8248-58B7A24884A8}.Debug|Any CPU.ActiveCfg = Debug|Any CPU
		{82EDEFFE-CD16-4419-8248-58B7A24884A8}.Debug|Any CPU.Build.0 = Debug|Any CPU
		{82EDEFFE-CD16-4419-8248-58B7A24884A8}.Release|Any CPU.ActiveCfg = Release|Any CPU
		{82EDEFFE-CD16-4419-8248-58B7A24884A8}.Release|Any CPU.Build.0 = Release|Any CPU
		{FAA7492C-8DA5-4A23-841D-B8109043EBB8}.Debug|Any CPU.ActiveCfg = Debug|Any CPU
		{FAA7492C-8DA5-4A23-841D-B8109043EBB8}.Debug|Any CPU.Build.0 = Debug|Any CPU
		{FAA7492C-8DA5-4A23-841D-B8109043EBB8}.Release|Any CPU.ActiveCfg = Release|Any CPU
		{FAA7492C-8DA5-4A23-841D-B8109043EBB8}.Release|Any CPU.Build.0 = Release|Any CPU
		{A944567A-A379-41E7-A9CF-C23DAD11BE85}.Debug|Any CPU.ActiveCfg = Debug|Any CPU
		{A944567A-A379-41E7-A9CF-C23DAD11BE85}.Debug|Any CPU.Build.0 = Debug|Any CPU
		{A944567A-A379-41E7-A9CF-C23DAD11BE85}.Release|Any CPU.ActiveCfg = Release|Any CPU
		{A944567A-A379-41E7-A9CF-C23DAD11BE85}.Release|Any CPU.Build.0 = Release|Any CPU
	EndGlobalSection
	GlobalSection(SolutionProperties) = preSolution
		HideSolutionNode = FALSE
	EndGlobalSection
	GlobalSection(ExtensibilityGlobals) = postSolution
		SolutionGuid = {E5719833-3E34-4EC4-ADA0-4316C30A2D2D}
	EndGlobalSection
EndGlobal
